
Microsoft Visual Studio Solution File, Format Version 12.00
# Visual Studio Version 16
VisualStudioVersion = 16.0.29509.3
MinimumVisualStudioVersion = 10.0.40219.1
Project("{FAE04EC0-301F-11D3-BF4B-00C04F79EFBC}") = "StaticFiles", "StaticFiles\StaticFiles.csproj", "{270AC142-82B4-4FCF-A152-ECD1188093DA}"
EndProject
Global
	GlobalSection(SolutionConfigurationPlatforms) = preSolution
		Debug|Any CPU = Debug|Any CPU
		Release|Any CPU = Release|Any CPU
	EndGlobalSection
	GlobalSection(ProjectConfigurationPlatforms) = postSolution
		{270AC142-82B4-4FCF-A152-ECD1188093DA}.Debug|Any CPU.ActiveCfg = Debug|Any CPU
		{270AC142-82B4-4FCF-A152-ECD1188093DA}.Debug|Any CPU.Build.0 = Debug|Any CPU
		{270AC142-82B4-4FCF-A152-ECD1188093DA}.Release|Any CPU.ActiveCfg = Release|Any CPU
		{270AC142-82B4-4FCF-A152-ECD1188093DA}.Release|Any CPU.Build.0 = Release|Any CPU
	EndGlobalSection
	GlobalSection(SolutionProperties) = preSolution
		HideSolutionNode = FALSE
	EndGlobalSection
	GlobalSection(ExtensibilityGlobals) = postSolution
		SolutionGuid = {64B6E30F-5A32-44CB-9769-C1A0CC88A2D8}
	EndGlobalSection
EndGlobal
